
Microsoft Visual Studio Solution File, Format Version 12.00
# Visual Studio Version 17
VisualStudioVersion = 17.4.33122.133
MinimumVisualStudioVersion = 10.0.40219.1
Project("{9A19103F-16F7-4668-BE54-9A1E7A4F7556}") = "BulkyWeb", "BulkyWeb\BulkyWeb.csproj", "{9EE898CD-C1DD-4681-BFE4-101655FAE386}"
EndProject
Project("{9A19103F-16F7-4668-BE54-9A1E7A4F7556}") = "BulkyWeb_razor", "BulkyWeb_razor\BulkyWeb_razor.csproj", "{2632A505-A71C-47B9-A91E-57DA4C71D713}"
EndProject
Project("{9A19103F-16F7-4668-BE54-9A1E7A4F7556}") = "Bulky.DataAccess", "Bulky.DataAccess\Bulky.DataAccess.csproj", "{07EBD8E9-8E14-4D03-93E4-E8FFC97F0198}"
EndProject
Project("{9A19103F-16F7-4668-BE54-9A1E7A4F7556}") = "Bulky.Models", "Bulky.Models\Bulky.Models.csproj", "{45B7A031-B5BC-4F04-A973-1538849AD1F8}"
EndProject
Project("{9A19103F-16F7-4668-BE54-9A1E7A4F7556}") = "Bulky.Utility", "Bulky.Utility\Bulky.Utility.csproj", "{E59A77D3-1541-49A9-A9FB-E61792207155}"
EndProject
Global
	GlobalSection(SolutionConfigurationPlatforms) = preSolution
		Debug|Any CPU = Debug|Any CPU
		Release|Any CPU = Release|Any CPU
	EndGlobalSection
	GlobalSection(ProjectConfigurationPlatforms) = postSolution
		{9EE898CD-C1DD-4681-BFE4-101655FAE386}.Debug|Any CPU.ActiveCfg = Debug|Any CPU
		{9EE898CD-C1DD-4681-BFE4-101655FAE386}.Debug|Any CPU.Build.0 = Debug|Any CPU
		{9EE898CD-C1DD-4681-BFE4-101655FAE386}.Release|Any CPU.ActiveCfg = Release|Any CPU
		{9EE898CD-C1DD-4681-BFE4-101655FAE386}.Release|Any CPU.Build.0 = Release|Any CPU
		{2632A505-A71C-47B9-A91E-57DA4C71D713}.Debug|Any CPU.ActiveCfg = Debug|Any CPU
		{2632A505-A71C-47B9-A91E-57DA4C71D713}.Debug|Any CPU.Build.0 = Debug|Any CPU
		{2632A505-A71C-47B9-A91E-57DA4C71D713}.Release|Any CPU.ActiveCfg = Release|Any CPU
		{2632A505-A71C-47B9-A91E-57DA4C71D713}.Release|Any CPU.Build.0 = Release|Any CPU
		{07EBD8E9-8E14-4D03-93E4-E8FFC97F0198}.Debug|Any CPU.ActiveCfg = Debug|Any CPU
		{07EBD8E9-8E14-4D03-93E4-E8FFC97F0198}.Debug|Any CPU.Build.0 = Debug|Any CPU
		{07EBD8E9-8E14-4D03-93E4-E8FFC97F0198}.Release|Any CPU.ActiveCfg = Release|Any CPU
		{07EBD8E9-8E14-4D03-93E4-E8FFC97F0198}.Release|Any CPU.Build.0 = Release|Any CPU
		{45B7A031-B5BC-4F04-A973-1538849AD1F8}.Debug|Any CPU.ActiveCfg = Debug|Any CPU
		{45B7A031-B5BC-4F04-A973-1538849AD1F8}.Debug|Any CPU.Build.0 = Debug|Any CPU
		{45B7A031-B5BC-4F04-A973-1538849AD1F8}.Release|Any CPU.ActiveCfg = Release|Any CPU
		{45B7A031-B5BC-4F04-A973-1538849AD1F8}.Release|Any CPU.Build.0 = Release|Any CPU
		{E59A77D3-1541-49A9-A9FB-E61792207155}.Debug|Any CPU.ActiveCfg = Debug|Any CPU
		{E59A77D3-1541-49A9-A9FB-E61792207155}.Debug|Any CPU.Build.0 = Debug|Any CPU
		{E59A77D3-1541-49A9-A9FB-E61792207155}.Release|Any CPU.ActiveCfg = Release|Any CPU
		{E59A77D3-1541-49A9-A9FB-E61792207155}.Release|Any CPU.Build.0 = Release|Any CPU
	EndGlobalSection
	GlobalSection(SolutionProperties) = preSolution
		HideSolutionNode = FALSE
	EndGlobalSection
	GlobalSection(ExtensibilityGlobals) = postSolution
		SolutionGuid = {CC1B42ED-6D33-467D-B9D2-093EE32CB42E}
	EndGlobalSection
EndGlobal
